<?xml version="1.0" encoding="utf-8"?>
<Project ToolsVersion="4.0" xmlns="http://schemas.microsoft.com/developer/msbuild/2003">
  <ItemGroup>
    <Filter Include="Source Files">
      <UniqueIdentifier>{c42830da-f3aa-4130-b60b-9ea6b2ce5e9b}</UniqueIdentifier>
      <Extensions>cpp;c;cxx;rc;def;r;odl;hpj;bat;for;f90</Extensions>
    </Filter>
    <Filter Include="Header Files">
      <UniqueIdentifier>{741b2ce2-d813-4d46-9ce5-0ce4042bf2f9}</UniqueIdentifier>
      <Extensions>h;hpp;hxx;hm;inl;fi;fd</Extensions>
    </Filter>
    <Filter Include="Resource Files">
      <UniqueIdentifier>{a89c2da6-4ab0-4842-a425-e827f958cdf9}</UniqueIdentifier>
      <Extensions>ico;cur;bmp;dlg;rc2;rct;bin;cnt;rtf;gif;jpg;jpeg;jpe</Extensions>
    </Filter>
  </ItemGroup>
  <ItemGroup>
    <ClCompile Include="..\source\AboutWnd.cpp">
      <Filter>Source Files</Filter>
    </ClCompile>
    <ClCompile Include="..\source\BiotEditor.cpp">
      <Filter>Source Files</Filter>
    </ClCompile>
    <ClCompile Include="..\Source\Biots.cpp">
      <Filter>Source Files</Filter>
    </ClCompile>
    <ClCompile Include="..\Source\Brain.cpp">
      <Filter>Source Files</Filter>
    </ClCompile>
    <ClCompile Include="..\source\Breeding.cpp">
      <Filter>Source Files</Filter>
    </ClCompile>
    <ClCompile Include="..\Source\Connect.cpp">
      <Filter>Source Files</Filter>
    </ClCompile>
    <ClCompile Include="..\Source\Environ.cpp">
      <Filter>Source Files</Filter>
    </ClCompile>
    <ClCompile Include="..\source\EnvStatsWnd.cpp">
      <Filter>Source Files</Filter>
    </ClCompile>
    <ClCompile Include="..\Source\Etools.cpp">
      <Filter>Source Files</Filter>
    </ClCompile>
    <ClCompile Include="..\Source\Evolve.cpp">
      <Filter>Source Files</Filter>
    </ClCompile>
    <ClCompile Include="..\source\GeneralView.cpp">
      <Filter>Source Files</Filter>
    </ClCompile>
    <ClCompile Include="..\Source\Genotype.cpp">
      <Filter>Source Files</Filter>
    </ClCompile>
    <ClCompile Include="..\source\GlobalPalette.cpp">
      <Filter>Source Files</Filter>
    </ClCompile>
    <ClCompile Include="..\source\Graph1.cpp">
      <Filter>Source Files</Filter>
    </ClCompile>
    <ClCompile Include="..\source\HelpPropertySheet.cpp">
      <Filter>Source Files</Filter>
    </ClCompile>
    <ClCompile Include="..\source\InitialPopulation.cpp">
      <Filter>Source Files</Filter>
    </ClCompile>
    <ClCompile Include="..\Source\KeyRegistry.cpp">
      <Filter>Source Files</Filter>
    </ClCompile>
    <ClCompile Include="..\source\LoadBitmap.cpp">
      <Filter>Source Files</Filter>
    </ClCompile>
    <ClCompile Include="..\source\MagnifyWnd.cpp">
      <Filter>Source Files</Filter>
    </ClCompile>
    <ClCompile Include="..\source\MainFrm.cpp">
      <Filter>Source Files</Filter>
    </ClCompile>
    <ClCompile Include="..\source\NetworkDlg.cpp">
      <Filter>Source Files</Filter>
    </ClCompile>
    <ClCompile Include="..\source\Palette.cpp">
      <Filter>Source Files</Filter>
    </ClCompile>
    <ClCompile Include="..\source\Picture.cpp">
      <Filter>Source Files</Filter>
    </ClCompile>
    <ClCompile Include="..\source\PLifeDoc.cpp">
      <Filter>Source Files</Filter>
    </ClCompile>
    <ClCompile Include="..\source\PLifeView.cpp">
      <Filter>Source Files</Filter>
    </ClCompile>
    <ClCompile Include="..\Source\PostData.cpp">
      <Filter>Source Files</Filter>
    </ClCompile>
    <ClCompile Include="..\source\PrimCmdLine.cpp">
      <Filter>Source Files</Filter>
    </ClCompile>
    <ClCompile Include="..\source\Primordial Life.cpp">
      <Filter>Source Files</Filter>
    </ClCompile>
    <ClCompile Include="..\Source\RAND.CPP">
      <Filter>Source Files</Filter>
    </ClCompile>
    <ClCompile Include="..\Source\Registry.cpp">
      <Filter>Source Files</Filter>
    </ClCompile>
    <ClCompile Include="..\source\SaverView.cpp">
      <Filter>Source Files</Filter>
    </ClCompile>
    <ClCompile Include="..\source\Settings.cpp">
      <Filter>Source Files</Filter>
    </ClCompile>
    <ClCompile Include="..\source\SmallView.cpp">
      <Filter>Source Files</Filter>
    </ClCompile>
    <ClCompile Include="..\Source\Sock.cpp">
      <Filter>Source Files</Filter>
    </ClCompile>
    <ClCompile Include="..\source\Stat.cpp">
      <Filter>Source Files</Filter>
    </ClCompile>
    <ClCompile Include="..\source\StdAfx.cpp">
      <Filter>Source Files</Filter>
    </ClCompile>
    <ClCompile Include="..\Source\vector.cpp">
      <Filter>Source Files</Filter>
    </ClCompile>
    <ClCompile Include="..\source\WorldSize.cpp">
      <Filter>Source Files</Filter>
    </ClCompile>
  </ItemGroup>
  <ItemGroup>
    <ResourceCompile Include="..\source\Primordial Life.rc">
      <Filter>Source Files</Filter>
    </ResourceCompile>
  </ItemGroup>
  <ItemGroup>
    <Text Include="ReadMe.txt">
      <Filter>Source Files</Filter>
    </Text>
    <Text Include="..\Source\TODO.txt" />
  </ItemGroup>
  <ItemGroup>
    <ClInclude Include="..\Source\BArchive.h">
      <Filter>Header Files</Filter>
    </ClInclude>
    <ClInclude Include="..\source\BiotEditor.h">
      <Filter>Header Files</Filter>
    </ClInclude>
    <ClInclude Include="..\Source\Biots.h">
      <Filter>Header Files</Filter>
    </ClInclude>
    <ClInclude Include="..\Source\Brain.h">
      <Filter>Header Files</Filter>
    </ClInclude>
    <ClInclude Include="..\source\Breeding.h">
      <Filter>Header Files</Filter>
    </ClInclude>
    <ClInclude Include="..\Source\Connect.h">
      <Filter>Header Files</Filter>
    </ClInclude>
    <ClInclude Include="..\Source\Environ.h">
      <Filter>Header Files</Filter>
    </ClInclude>
    <ClInclude Include="..\source\EnvStatsWnd.h">
      <Filter>Header Files</Filter>
    </ClInclude>
    <ClInclude Include="..\Source\Etools.h">
      <Filter>Header Files</Filter>
    </ClInclude>
    <ClInclude Include="source\evolve.h">
      <Filter>Header Files</Filter>
    </ClInclude>
    <ClInclude Include="..\source\GeneralView.h">
      <Filter>Header Files</Filter>
    </ClInclude>
    <ClInclude Include="..\Source\Genotype.h">
      <Filter>Header Files</Filter>
    </ClInclude>
    <ClInclude Include="..\source\Graph1.h">
      <Filter>Header Files</Filter>
    </ClInclude>
    <ClInclude Include="..\source\HelpPropertySheet.h">
      <Filter>Header Files</Filter>
    </ClInclude>
    <ClInclude Include="..\source\InitialPopulation.h">
      <Filter>Header Files</Filter>
    </ClInclude>
    <ClInclude Include="..\Source\KeyRegistry.h">
      <Filter>Header Files</Filter>
    </ClInclude>
    <ClInclude Include="..\source\MagnifyWnd.h">
      <Filter>Header Files</Filter>
    </ClInclude>
    <ClInclude Include="..\source\MainFrm.h">
      <Filter>Header Files</Filter>
    </ClInclude>
    <ClInclude Include="..\Source\MfnZFile.h">
      <Filter>Header Files</Filter>
    </ClInclude>
    <ClInclude Include="..\source\NetworkDlg.h">
      <Filter>Header Files</Filter>
    </ClInclude>
    <ClInclude Include="..\source\Picture.h">
      <Filter>Header Files</Filter>
    </ClInclude>
    <ClInclude Include="..\source\PLifeDoc.h">
      <Filter>Header Files</Filter>
    </ClInclude>
    <ClInclude Include="..\source\PLifeView.h">
      <Filter>Header Files</Filter>
    </ClInclude>
    <ClInclude Include="..\Source\PostData.h">
      <Filter>Header Files</Filter>
    </ClInclude>
    <ClInclude Include="..\source\PrimCmdLine.h">
      <Filter>Header Files</Filter>
    </ClInclude>
    <ClInclude Include="..\source\Primordial Life.h">
      <Filter>Header Files</Filter>
    </ClInclude>
    <ClInclude Include="..\Source\Rand.h">
      <Filter>Header Files</Filter>
    </ClInclude>
    <ClInclude Include="source\Registry.h">
      <Filter>Header Files</Filter>
    </ClInclude>
    <ClInclude Include="..\source\SaverView.h">
      <Filter>Header Files</Filter>
    </ClInclude>
    <ClInclude Include="..\source\Settings.h">
      <Filter>Header Files</Filter>
    </ClInclude>
    <ClInclude Include="..\source\SmallView.h">
      <Filter>Header Files</Filter>
    </ClInclude>
    <ClInclude Include="..\Source\Sock.h">
      <Filter>Header Files</Filter>
    </ClInclude>
    <ClInclude Include="..\source\Stat.h">
      <Filter>Header Files</Filter>
    </ClInclude>
    <ClInclude Include="..\source\StdAfx.h">
      <Filter>Header Files</Filter>
    </ClInclude>
    <ClInclude Include="..\Source\vector.h">
      <Filter>Header Files</Filter>
    </ClInclude>
    <ClInclude Include="..\source\WorldSize.h">
      <Filter>Header Files</Filter>
    </ClInclude>
  </ItemGroup>
  <ItemGroup>
    <Image Include="..\Res\asexual.ico">
      <Filter>Resource Files</Filter>
    </Image>
    <Image Include="..\Res\bisexual.ico">
      <Filter>Resource Files</Filter>
    </Image>
    <Image Include="..\Res\bitmap1.bmp">
      <Filter>Resource Files</Filter>
    </Image>
    <Image Include="..\Res\bottom.bmp">
      <Filter>Resource Files</Filter>
    </Image>
    <Image Include="..\Res\bottom.ico">
      <Filter>Resource Files</Filter>
    </Image>
    <Image Include="..\Res\Evolve.ico">
      <Filter>Resource Files</Filter>
    </Image>
    <Image Include="..\Res\female.ico">
      <Filter>Resource Files</Filter>
    </Image>
    <Image Include="..\Res\Key.ico">
      <Filter>Resource Files</Filter>
    </Image>
    <Image Include="..\res\left.ico">
      <Filter>Resource Files</Filter>
    </Image>
    <Image Include="..\Res\male.ico">
      <Filter>Resource Files</Filter>
    </Image>
    <Image Include="..\res\PLifeDoc.ico">
      <Filter>Resource Files</Filter>
    </Image>
    <Image Include="..\res\right.ico">
      <Filter>Resource Files</Filter>
    </Image>
    <Image Include="..\Res\top.bmp">
      <Filter>Resource Files</Filter>
    </Image>
    <Image Include="..\res\top.ico">
      <Filter>Resource Files</Filter>
    </Image>
    <Image Include="..\Res\world.ico">
      <Filter>Resource Files</Filter>
    </Image>
  </ItemGroup>
  <ItemGroup>
    <CustomBuild Include="..\Res\cure.cur">
      <Filter>Resource Files</Filter>
    </CustomBuild>
    <CustomBuild Include="..\Res\edit.cur">
      <Filter>Resource Files</Filter>
    </CustomBuild>
    <CustomBuild Include="..\Res\feed.cur">
      <Filter>Resource Files</Filter>
    </CustomBuild>
    <CustomBuild Include="..\Res\load.cur">
      <Filter>Resource Files</Filter>
    </CustomBuild>
    <CustomBuild Include="..\Res\Magnify.cur">
      <Filter>Resource Files</Filter>
    </CustomBuild>
    <CustomBuild Include="..\Res\relocate.cur">
      <Filter>Resource Files</Filter>
    </CustomBuild>
    <CustomBuild Include="..\Res\save.cur">
      <Filter>Resource Files</Filter>
    </CustomBuild>
    <CustomBuild Include="..\Res\terminate.cur">
      <Filter>Resource Files</Filter>
    </CustomBuild>
    <CustomBuild Include="..\Res\Environment.pal" />
    <CustomBuild Include="..\Res\InternetExplorer.pal" />
  </ItemGroup>
</Project>